{
  "name": "ksuim-test",
  "version": "1.0.0",
  "lockfileVersion": 1,
  "requires": true,
  "dependencies": {
    "@types/node": {
      "version": "14.14.3"
    },
    "base-convert-int-array": {
      "version": "1.0.1",
      "resolved": "https://registry.npmjs.org/base-convert-int-array/-/base-convert-int-array-1.0.1.tgz",
      "integrity": "sha512-NWqzaoXx8L/SS32R+WmKqnQkVXVYl2PwNJ68QV3RAlRRL1uV+yxJT66abXI1cAvqCXQTyXr7/9NN4Af90/zDVw=="
    },
    "base-x": {
      "version": "3.0.8",
      "resolved": "https://registry.npmjs.org/base-x/-/base-x-3.0.8.tgz",
      "integrity": "sha512-Rl/1AWP4J/zRrk54hhlxH4drNxPJXYUaKffODVI53/dAsV4t9fBxyxYKAVPU1XBHxYwOWP9h9H0hM2MVw4YfJA==",
      "requires": {
        "safe-buffer": "^5.0.1"
      }
    },
    "invoice-number": {
      "version": "1.0.6"
    },
    "ksuid": {
      "version": "2.0.0",
      "resolved": "https://registry.npmjs.org/ksuid/-/ksuid-2.0.0.tgz",
      "integrity": "sha512-BM5UU56FhzqQN6v83X8JSKWktl0gAYRovV0DnO/mXpuOs/SFMTPP7fr7ViNtzpg3iV4pnk/6pChuLhOkKBZ59A==",
      "requires": {
        "base-convert-int-array": "^1.0.1"
      }
    },
    "mksuid": {
      "version": "0.1.1",
      "requires": {
        "base-x": "3.0.8"
      }
    },
    "safe-buffer": {
      "version": "5.2.1",
      "resolved": "https://registry.npmjs.org/safe-buffer/-/safe-buffer-5.2.1.tgz",
      "integrity": "sha512-rp3So07KcdmmKbGvgaNxQSJr7bGVSVk5S9Eq1F+ppbRo70+YeaDxkw5Dd8NPN+GD6bjnYm2VuPuCXmpuYvmCXQ=="
    }
  }
}
