# THIS IS AN AUTOGENERATED FILE. DO NOT EDIT THIS FILE DIRECTLY.
# yarn lockfile v1


"@types/node@^14.14.3":
  version "14.14.3"
  resolved "https://registry.yarnpkg.com/@types/node/-/node-14.14.3.tgz#e1c09064121f894baaad2bd9f12ce4a41bffb274"
  integrity sha512-33/L34xS7HVUx23e0wOT2V1qPF1IrHgQccdJVm9uXGTB9vFBrrzBtkQymT8VskeKOxjz55MSqMv0xuLq+u98WQ==

base-x@3.0.8:
  version "3.0.8"
  resolved "https://registry.yarnpkg.com/base-x/-/base-x-3.0.8.tgz#1e1106c2537f0162e8b52474a557ebb09000018d"
  integrity sha512-Rl/1AWP4J/zRrk54hhlxH4drNxPJXYUaKffODVI53/dAsV4t9fBxyxYKAVPU1XBHxYwOWP9h9H0hM2MVw4YfJA==
  dependencies:
    safe-buffer "^5.0.1"

invoice-number@^1.0.6:
  version "1.0.6"
  resolved "https://registry.yarnpkg.com/invoice-number/-/invoice-number-1.0.6.tgz#358a34a6d3c61e84dda425fc1f3b48e1ee9a7581"
  integrity sha512-j8y2o4QYBi/fK4zsjJHszEHwLVhtg/Q4ClfdwhBJkFBS1WDK9X0k2AgnS6xgYIeuookeDbF6BHt21MZ38g25dg==

mksuid@^0.1.1:
  version "0.1.1"
  resolved "https://registry.yarnpkg.com/mksuid/-/mksuid-0.1.1.tgz#adba42017355b80bbd6031fb82bac464e4cb693f"
  integrity sha512-hpmu9mU7huXRzY+YonSjp8dUSfMn0l3mgCib94XWlED3xR/T1KQ582DSKpWoVi/oTrQTKJ4tLwxR48fcMMifoQ==
  dependencies:
    base-x "3.0.8"

safe-buffer@^5.0.1:
  version "5.2.1"
  resolved "https://registry.yarnpkg.com/safe-buffer/-/safe-buffer-5.2.1.tgz#1eaf9fa9bdb1fdd4ec75f58f9cdb4e6b7827eec6"
  integrity sha512-rp3So07KcdmmKbGvgaNxQSJr7bGVSVk5S9Eq1F+ppbRo70+YeaDxkw5Dd8NPN+GD6bjnYm2VuPuCXmpuYvmCXQ==
